
Microsoft Visual Studio Solution File, Format Version 12.00
# Visual Studio Version 16
VisualStudioVersion = 16.0.31624.102
MinimumVisualStudioVersion = 10.0.40219.1
Project("{8BC9CEB8-8B4A-11D0-8D11-00A0C91BC942}") = "lab 3.2", "lab 3.2\lab 3.2.vcxproj", "{9F89F5BC-5949-4858-8033-8F1F7083785B}"
EndProject
Global
	GlobalSection(SolutionConfigurationPlatforms) = preSolution
		Debug|x64 = Debug|x64
		Debug|x86 = Debug|x86
		Release|x64 = Release|x64
		Release|x86 = Release|x86
	EndGlobalSection
	GlobalSection(ProjectConfigurationPlatforms) = postSolution
		{9F89F5BC-5949-4858-8033-8F1F7083785B}.Debug|x64.ActiveCfg = Debug|x64
		{9F89F5BC-5949-4858-8033-8F1F7083785B}.Debug|x64.Build.0 = Debug|x64
		{9F89F5BC-5949-4858-8033-8F1F7083785B}.Debug|x86.ActiveCfg = Debug|Win32
		{9F89F5BC-5949-4858-8033-8F1F7083785B}.Debug|x86.Build.0 = Debug|Win32
		{9F89F5BC-5949-4858-8033-8F1F7083785B}.Release|x64.ActiveCfg = Release|x64
		{9F89F5BC-5949-4858-8033-8F1F7083785B}.Release|x64.Build.0 = Release|x64
		{9F89F5BC-5949-4858-8033-8F1F7083785B}.Release|x86.ActiveCfg = Release|Win32
		{9F89F5BC-5949-4858-8033-8F1F7083785B}.Release|x86.Build.0 = Release|Win32
	EndGlobalSection
	GlobalSection(SolutionProperties) = preSolution
		HideSolutionNode = FALSE
	EndGlobalSection
	GlobalSection(ExtensibilityGlobals) = postSolution
		SolutionGuid = {9C973ACA-36B9-4C40-BA5C-BA2093CE0114}
	EndGlobalSection
EndGlobal
